
Microsoft Visual Studio Solution File, Format Version 12.00
# Visual Studio 15
VisualStudioVersion = 15.0.28307.902
MinimumVisualStudioVersion = 10.0.40219.1
Project("{FAE04EC0-301F-11D3-BF4B-00C04F79EFBC}") = "WebApi", "WebApi\WebApi.csproj", "{89D6C05D-94B0-4585-B3CA-A1589B1B3438}"
EndProject
Global
	GlobalSection(SolutionConfigurationPlatforms) = preSolution
		Debug|Any CPU = Debug|Any CPU
		Release|Any CPU = Release|Any CPU
	EndGlobalSection
	GlobalSection(ProjectConfigurationPlatforms) = postSolution
		{89D6C05D-94B0-4585-B3CA-A1589B1B3438}.Debug|Any CPU.ActiveCfg = Debug|Any CPU
		{89D6C05D-94B0-4585-B3CA-A1589B1B3438}.Debug|Any CPU.Build.0 = Debug|Any CPU
		{89D6C05D-94B0-4585-B3CA-A1589B1B3438}.Release|Any CPU.ActiveCfg = Release|Any CPU
		{89D6C05D-94B0-4585-B3CA-A1589B1B3438}.Release|Any CPU.Build.0 = Release|Any CPU
	EndGlobalSection
	GlobalSection(SolutionProperties) = preSolution
		HideSolutionNode = FALSE
	EndGlobalSection
	GlobalSection(ExtensibilityGlobals) = postSolution
		SolutionGuid = {FCBC007B-AAED-46A3-A273-46042D574126}
	EndGlobalSection
EndGlobal
